<?xml version="1.0" encoding="utf-8"?>
<Project ToolsVersion="4.0" xmlns="http://schemas.microsoft.com/developer/msbuild/2003">
  <ItemGroup>
    <Filter Include="Source Files">
      <UniqueIdentifier>{4FC737F1-C7A5-4376-A066-2A32D752A2FF}</UniqueIdentifier>
      <Extensions>cpp;c;cc;cxx;def;odl;idl;hpj;bat;asm;asmx</Extensions>
    </Filter>
    <Filter Include="Shaders">
      <UniqueIdentifier>{4ef57bd5-e263-4630-976e-42cda0403a38}</UniqueIdentifier>
    </Filter>
  </ItemGroup>
  <ItemGroup>
    <ClCompile Include="main.cpp">
      <Filter>Source Files</Filter>
    </ClCompile>
    <ClCompile Include="Display.cpp">
      <Filter>Source Files</Filter>
    </ClCompile>
    <ClCompile Include="Mesh.cpp">
      <Filter>Source Files</Filter>
    </ClCompile>
    <ClCompile Include="Shader.cpp">
      <Filter>Source Files</Filter>
    </ClCompile>
    <ClCompile Include="Camera.cpp">
      <Filter>Source Files</Filter>
    </ClCompile>
    <ClCompile Include="Scene.cpp">
      <Filter>Source Files</Filter>
    </ClCompile>
    <ClCompile Include="ResourceLoader.cpp">
      <Filter>Source Files</Filter>
    </ClCompile>
    <ClCompile Include="stb_image.c">
      <Filter>Source Files</Filter>
    </ClCompile>
    <ClCompile Include="Terrain.cpp">
      <Filter>Source Files</Filter>
    </ClCompile>
    <ClCompile Include="Texture.cpp">
      <Filter>Source Files</Filter>
    </ClCompile>
    <ClCompile Include="FrameBuffer.cpp">
      <Filter>Source Files</Filter>
    </ClCompile>
    <ClCompile Include="FilterComputeShader.cpp">
      <Filter>Source Files</Filter>
    </ClCompile>
    <ClCompile Include="ViewFrustum.cpp">
      <Filter>Source Files</Filter>
    </ClCompile>
    <ClCompile Include="QuadTree.cpp">
      <Filter>Source Files</Filter>
    </ClCompile>
    <ClCompile Include="QuadTree2.cpp">
      <Filter>Source Files</Filter>
    </ClCompile>
  </ItemGroup>
  <ItemGroup>
    <ClInclude Include="Display.h" />
    <ClInclude Include="Mesh.h" />
    <ClInclude Include="Shader.h" />
    <ClInclude Include="Camera.h" />
    <ClInclude Include="Scene.h" />
    <ClInclude Include="ConstVariables.h" />
    <ClInclude Include="ResourceLoader.h" />
    <ClInclude Include="stb_image.h" />
    <ClInclude Include="Terrain.h" />
    <ClInclude Include="Texture.h" />
    <ClInclude Include="FrameBuffer.h" />
    <ClInclude Include="FilterComputeShader.h" />
    <ClInclude Include="ViewFrustum.h" />
    <ClInclude Include="QuadTree.h" />
    <ClInclude Include="QuadTree2.h" />
  </ItemGroup>
  <ItemGroup>
    <None Include="res\basicFragment.glsl" />
    <None Include="res\basicVertex.glsl" />
    <None Include="res\backFaceFragment.glsl">
      <Filter>Shaders</Filter>
    </None>
    <None Include="res\backFaceGeometry.glsl">
      <Filter>Shaders</Filter>
    </None>
    <None Include="res\backFaceVertex.glsl">
      <Filter>Shaders</Filter>
    </None>
    <None Include="res\textureFragment.glsl">
      <Filter>Shaders</Filter>
    </None>
    <None Include="res\textureVertex.glsl">
      <Filter>Shaders</Filter>
    </None>
    <None Include="res\geoPassFragment.glsl">
      <Filter>Shaders</Filter>
    </None>
    <None Include="res\geoPassVertex.glsl">
      <Filter>Shaders</Filter>
    </None>
    <None Include="res\lightPassFragment.glsl">
      <Filter>Shaders</Filter>
    </None>
    <None Include="res\lightPassVertex.glsl">
      <Filter>Shaders</Filter>
    </None>
    <None Include="res\blur.glsl">
      <Filter>Shaders</Filter>
    </None>
    <None Include="res\depthFragment.glsl">
      <Filter>Shaders</Filter>
    </None>
    <None Include="res\depthVertex.glsl">
      <Filter>Shaders</Filter>
    </None>
    <None Include="res\terrainFragment.glsl">
      <Filter>Shaders</Filter>
    </None>
    <None Include="res\terrainVertex.glsl">
      <Filter>Shaders</Filter>
    </None>
    <None Include="res\geoPassGeometry.glsl">
      <Filter>Shaders</Filter>
    </None>
  </ItemGroup>
</Project>